{
  "version": 1,
  "source": {
    "name": "default",
    "type": "git",
    "repo": "https://git.garena.com/detao.li/himan-resource.git",
    "repoId": "https_git.garena.com_detao.li_himan-resource"
  },
  "updatedAt": "2026-05-14T08:03:16.284Z",
  "resources": [
    {
      "type": "skill",
      "name": "common-dev-pattern",
      "version": "0.0.6",
      "agents": [
        "codex"
      ],
      "mode": "copy",
      "updatedAt": "2026-05-14T08:00:09.728Z"
    },
    {
      "type": "skill",
      "name": "common-git-commit",
      "version": "0.0.4",
      "agents": [
        "codex"
      ],
      "mode": "copy",
      "updatedAt": "2026-05-14T08:00:30.327Z"
    },
    {
      "type": "skill",
      "name": "common-project-blueprint",
      "version": "0.0.3",
      "agents": [
        "codex"
      ],
      "mode": "copy",
      "updatedAt": "2026-05-14T08:00:58.801Z"
    },
    {
      "type": "skill",
      "name": "common-project-changelog",
      "version": "0.0.5",
      "agents": [
        "codex"
      ],
      "mode": "copy",
      "updatedAt": "2026-05-14T08:01:19.769Z"
    },
    {
      "type": "skill",
      "name": "common-project-mvp",
      "version": "0.0.3",
      "agents": [
        "codex"
      ],
      "mode": "copy",
      "updatedAt": "2026-05-14T08:01:47.526Z"
    },
    {
      "type": "skill",
      "name": "common-project-startup",
      "version": "0.0.4",
      "agents": [
        "codex"
      ],
      "mode": "copy",
      "updatedAt": "2026-05-14T08:02:10.547Z"
    },
    {
      "type": "skill",
      "name": "common-project-tech-design",
      "version": "0.0.3",
      "agents": [
        "codex"
      ],
      "mode": "copy",
      "updatedAt": "2026-05-14T08:02:31.228Z"
    },
    {
      "type": "skill",
      "name": "common-sprint-autopilot",
      "version": "0.0.3",
      "agents": [
        "codex"
      ],
      "mode": "copy",
      "updatedAt": "2026-05-14T08:02:53.876Z"
    },
    {
      "type": "skill",
      "name": "github-npm-publish",
      "version": "0.0.3",
      "agents": [
        "codex"
      ],
      "mode": "copy",
      "updatedAt": "2026-05-14T08:03:16.284Z"
    }
  ]
}